// !$*UTF8*$!
{
	archiveVersion = 1;
	classes = {
	};
	objectVersion = 56;
	objects = {

/* Begin PBXBuildFile section */
		796895282B77BEFA00F0734D /* FullPlayerView.swift in Sources */ = {isa = PBXBuildFile; fileRef = 796895272B77BEFA00F0734D /* FullPlayerView.swift */; };
		7968952A2B78217E00F0734D /* AudioManager.swift in Sources */ = {isa = PBXBuildFile; fileRef = 796895292B78217E00F0734D /* AudioManager.swift */; };
		7968952C2B78249F00F0734D /* Во мне.mp3 in Resources */ = {isa = PBXBuildFile; fileRef = 7968952B2B78249F00F0734D /* Во мне.mp3 */; };
		7968952E2B7848BC00F0734D /* Воля.mp3 in Resources */ = {isa = PBXBuildFile; fileRef = 7968952D2B7848BC00F0734D /* Воля.mp3 */; };
		796895302B7848D400F0734D /* Я свободен.mp3 in Resources */ = {isa = PBXBuildFile; fileRef = 7968952F2B7848D400F0734D /* Я свободен.mp3 */; };
		796895322B786B8F00F0734D /* YAMAKASI.mp3 in Resources */ = {isa = PBXBuildFile; fileRef = 796895312B786B8F00F0734D /* YAMAKASI.mp3 */; };
		7968955E2B8D449000F0734D /* VerticalStationView.swift in Sources */ = {isa = PBXBuildFile; fileRef = 7968955D2B8D449000F0734D /* VerticalStationView.swift */; };
		796895612B8FED1E00F0734D /* UIKitSearchView.swift in Sources */ = {isa = PBXBuildFile; fileRef = 796895602B8FED1E00F0734D /* UIKitSearchView.swift */; };
		796895632B8FF01600F0734D /* Cell.swift in Sources */ = {isa = PBXBuildFile; fileRef = 796895622B8FF01600F0734D /* Cell.swift */; };
		796895652B8FF3BF00F0734D /* CellHeader.swift in Sources */ = {isa = PBXBuildFile; fileRef = 796895642B8FF3BF00F0734D /* CellHeader.swift */; };
		79F82C692B7035FF00D2C0A3 /* AppleMusic_25App.swift in Sources */ = {isa = PBXBuildFile; fileRef = 79F82C682B7035FF00D2C0A3 /* AppleMusic_25App.swift */; };
		79F82C6B2B7035FF00D2C0A3 /* TabBarView.swift in Sources */ = {isa = PBXBuildFile; fileRef = 79F82C6A2B7035FF00D2C0A3 /* TabBarView.swift */; };
		79F82C6D2B70360000D2C0A3 /* Assets.xcassets in Resources */ = {isa = PBXBuildFile; fileRef = 79F82C6C2B70360000D2C0A3 /* Assets.xcassets */; };
		79F82C702B70360000D2C0A3 /* Preview Assets.xcassets in Resources */ = {isa = PBXBuildFile; fileRef = 79F82C6F2B70360000D2C0A3 /* Preview Assets.xcassets */; };
		79F82C7D2B7038FF00D2C0A3 /* MiniPlayerView.swift in Sources */ = {isa = PBXBuildFile; fileRef = 79F82C7C2B7038FF00D2C0A3 /* MiniPlayerView.swift */; };
		79F82C7F2B70392600D2C0A3 /* LibraryView.swift in Sources */ = {isa = PBXBuildFile; fileRef = 79F82C7E2B70392600D2C0A3 /* LibraryView.swift */; };
		79F82C822B70395E00D2C0A3 /* ListView.swift in Sources */ = {isa = PBXBuildFile; fileRef = 79F82C812B70395E00D2C0A3 /* ListView.swift */; };
		79F82C842B70397A00D2C0A3 /* ListModel.swift in Sources */ = {isa = PBXBuildFile; fileRef = 79F82C832B70397A00D2C0A3 /* ListModel.swift */; };
		79F82C862B70399200D2C0A3 /* ModelCell.swift in Sources */ = {isa = PBXBuildFile; fileRef = 79F82C852B70399200D2C0A3 /* ModelCell.swift */; };
		79F82C882B7039DB00D2C0A3 /* StationView.swift in Sources */ = {isa = PBXBuildFile; fileRef = 79F82C872B7039DB00D2C0A3 /* StationView.swift */; };
		79F82C8A2B7039F300D2C0A3 /* MainStationView.swift in Sources */ = {isa = PBXBuildFile; fileRef = 79F82C892B7039F300D2C0A3 /* MainStationView.swift */; };
		79F82C8C2B703A1100D2C0A3 /* RadioView.swift in Sources */ = {isa = PBXBuildFile; fileRef = 79F82C8B2B703A1100D2C0A3 /* RadioView.swift */; };
		79F82C8E2B703A3000D2C0A3 /* RadioModel.swift in Sources */ = {isa = PBXBuildFile; fileRef = 79F82C8D2B703A3000D2C0A3 /* RadioModel.swift */; };
		79F82CA02B70A6BE00D2C0A3 /* SearchView.swift in Sources */ = {isa = PBXBuildFile; fileRef = 79F82C9F2B70A6BE00D2C0A3 /* SearchView.swift */; };
		79F82CA22B70A81300D2C0A3 /* ActiveSearchView.swift in Sources */ = {isa = PBXBuildFile; fileRef = 79F82CA12B70A81300D2C0A3 /* ActiveSearchView.swift */; };
		79F82CA62B70A86300D2C0A3 /* DetailsSearchView.swift in Sources */ = {isa = PBXBuildFile; fileRef = 79F82CA52B70A86300D2C0A3 /* DetailsSearchView.swift */; };
		79F82CA92B70A97200D2C0A3 /* MainSection.swift in Sources */ = {isa = PBXBuildFile; fileRef = 79F82CA82B70A97200D2C0A3 /* MainSection.swift */; };
		79F82CAB2B70A98500D2C0A3 /* SecondSection.swift in Sources */ = {isa = PBXBuildFile; fileRef = 79F82CAA2B70A98500D2C0A3 /* SecondSection.swift */; };
		79F82CAD2B70CECF00D2C0A3 /* GenreSearchModel.swift in Sources */ = {isa = PBXBuildFile; fileRef = 79F82CAC2B70CECF00D2C0A3 /* GenreSearchModel.swift */; };
		79F82CAF2B70EC1800D2C0A3 /* MusicSearchModel.swift in Sources */ = {isa = PBXBuildFile; fileRef = 79F82CAE2B70EC1800D2C0A3 /* MusicSearchModel.swift */; };
/* End PBXBuildFile section */

/* Begin PBXFileReference section */
		796895272B77BEFA00F0734D /* FullPlayerView.swift */ = {isa = PBXFileReference; lastKnownFileType = sourcecode.swift; path = FullPlayerView.swift; sourceTree = "<group>"; };
		796895292B78217E00F0734D /* AudioManager.swift */ = {isa = PBXFileReference; lastKnownFileType = sourcecode.swift; path = AudioManager.swift; sourceTree = "<group>"; };
		7968952B2B78249F00F0734D /* Во мне.mp3 */ = {isa = PBXFileReference; lastKnownFileType = audio.mp3; path = "Во мне.mp3"; sourceTree = "<group>"; };
		7968952D2B7848BC00F0734D /* Воля.mp3 */ = {isa = PBXFileReference; lastKnownFileType = audio.mp3; path = "Воля.mp3"; sourceTree = "<group>"; };
		7968952F2B7848D400F0734D /* Я свободен.mp3 */ = {isa = PBXFileReference; lastKnownFileType = audio.mp3; name = "Я свободен.mp3"; path = "Preview Content/Я свободен.mp3"; sourceTree = "<group>"; };
		796895312B786B8F00F0734D /* YAMAKASI.mp3 */ = {isa = PBXFileReference; lastKnownFileType = audio.mp3; path = YAMAKASI.mp3; sourceTree = "<group>"; };
		7968955D2B8D449000F0734D /* VerticalStationView.swift */ = {isa = PBXFileReference; lastKnownFileType = sourcecode.swift; path = VerticalStationView.swift; sourceTree = "<group>"; };
		796895602B8FED1E00F0734D /* UIKitSearchView.swift */ = {isa = PBXFileReference; lastKnownFileType = sourcecode.swift; path = UIKitSearchView.swift; sourceTree = "<group>"; };
		796895622B8FF01600F0734D /* Cell.swift */ = {isa = PBXFileReference; lastKnownFileType = sourcecode.swift; path = Cell.swift; sourceTree = "<group>"; };
		796895642B8FF3BF00F0734D /* CellHeader.swift */ = {isa = PBXFileReference; lastKnownFileType = sourcecode.swift; path = CellHeader.swift; sourceTree = "<group>"; };
		79F82C652B7035FF00D2C0A3 /* AppleMusic_25.app */ = {isa = PBXFileReference; explicitFileType = wrapper.application; includeInIndex = 0; path = AppleMusic_25.app; sourceTree = BUILT_PRODUCTS_DIR; };
		79F82C682B7035FF00D2C0A3 /* AppleMusic_25App.swift */ = {isa = PBXFileReference; lastKnownFileType = sourcecode.swift; path = AppleMusic_25App.swift; sourceTree = "<group>"; };
		79F82C6A2B7035FF00D2C0A3 /* TabBarView.swift */ = {isa = PBXFileReference; lastKnownFileType = sourcecode.swift; path = TabBarView.swift; sourceTree = "<group>"; };
		79F82C6C2B70360000D2C0A3 /* Assets.xcassets */ = {isa = PBXFileReference; lastKnownFileType = folder.assetcatalog; path = Assets.xcassets; sourceTree = "<group>"; };
		79F82C6F2B70360000D2C0A3 /* Preview Assets.xcassets */ = {isa = PBXFileReference; lastKnownFileType = folder.assetcatalog; path = "Preview Assets.xcassets"; sourceTree = "<group>"; };
		79F82C7C2B7038FF00D2C0A3 /* MiniPlayerView.swift */ = {isa = PBXFileReference; lastKnownFileType = sourcecode.swift; path = MiniPlayerView.swift; sourceTree = "<group>"; };
		79F82C7E2B70392600D2C0A3 /* LibraryView.swift */ = {isa = PBXFileReference; lastKnownFileType = sourcecode.swift; path = LibraryView.swift; sourceTree = "<group>"; };
		79F82C812B70395E00D2C0A3 /* ListView.swift */ = {isa = PBXFileReference; lastKnownFileType = sourcecode.swift; path = ListView.swift; sourceTree = "<group>"; };
		79F82C832B70397A00D2C0A3 /* ListModel.swift */ = {isa = PBXFileReference; lastKnownFileType = sourcecode.swift; path = ListModel.swift; sourceTree = "<group>"; };
		79F82C852B70399200D2C0A3 /* ModelCell.swift */ = {isa = PBXFileReference; lastKnownFileType = sourcecode.swift; path = ModelCell.swift; sourceTree = "<group>"; };
		79F82C872B7039DB00D2C0A3 /* StationView.swift */ = {isa = PBXFileReference; lastKnownFileType = sourcecode.swift; path = StationView.swift; sourceTree = "<group>"; };
		79F82C892B7039F300D2C0A3 /* MainStationView.swift */ = {isa = PBXFileReference; lastKnownFileType = sourcecode.swift; path = MainStationView.swift; sourceTree = "<group>"; };
		79F82C8B2B703A1100D2C0A3 /* RadioView.swift */ = {isa = PBXFileReference; lastKnownFileType = sourcecode.swift; path = RadioView.swift; sourceTree = "<group>"; };
		79F82C8D2B703A3000D2C0A3 /* RadioModel.swift */ = {isa = PBXFileReference; lastKnownFileType = sourcecode.swift; path = RadioModel.swift; sourceTree = "<group>"; };
		79F82C9F2B70A6BE00D2C0A3 /* SearchView.swift */ = {isa = PBXFileReference; lastKnownFileType = sourcecode.swift; path = SearchView.swift; sourceTree = "<group>"; };
		79F82CA12B70A81300D2C0A3 /* ActiveSearchView.swift */ = {isa = PBXFileReference; lastKnownFileType = sourcecode.swift; path = ActiveSearchView.swift; sourceTree = "<group>"; };
		79F82CA52B70A86300D2C0A3 /* DetailsSearchView.swift */ = {isa = PBXFileReference; lastKnownFileType = sourcecode.swift; path = DetailsSearchView.swift; sourceTree = "<group>"; };
		79F82CA82B70A97200D2C0A3 /* MainSection.swift */ = {isa = PBXFileReference; lastKnownFileType = sourcecode.swift; path = MainSection.swift; sourceTree = "<group>"; };
		79F82CAA2B70A98500D2C0A3 /* SecondSection.swift */ = {isa = PBXFileReference; lastKnownFileType = sourcecode.swift; path = SecondSection.swift; sourceTree = "<group>"; };
		79F82CAC2B70CECF00D2C0A3 /* GenreSearchModel.swift */ = {isa = PBXFileReference; lastKnownFileType = sourcecode.swift; path = GenreSearchModel.swift; sourceTree = "<group>"; };
		79F82CAE2B70EC1800D2C0A3 /* MusicSearchModel.swift */ = {isa = PBXFileReference; lastKnownFileType = sourcecode.swift; path = MusicSearchModel.swift; sourceTree = "<group>"; };
/* End PBXFileReference section */

/* Begin PBXFrameworksBuildPhase section */
		79F82C622B7035FF00D2C0A3 /* Frameworks */ = {
			isa = PBXFrameworksBuildPhase;
			buildActionMask = 2147483647;
			files = (
			);
			runOnlyForDeploymentPostprocessing = 0;
		};
/* End PBXFrameworksBuildPhase section */

/* Begin PBXGroup section */
		7968955F2B8FEBD400F0734D /* UIKitSearchScreen */ = {
			isa = PBXGroup;
			children = (
				796895602B8FED1E00F0734D /* UIKitSearchView.swift */,
				796895622B8FF01600F0734D /* Cell.swift */,
				796895642B8FF3BF00F0734D /* CellHeader.swift */,
			);
			path = UIKitSearchScreen;
			sourceTree = "<group>";
		};
		79F82C5C2B7035FF00D2C0A3 = {
			isa = PBXGroup;
			children = (
				79F82C672B7035FF00D2C0A3 /* AppleMusic_25 */,
				79F82C662B7035FF00D2C0A3 /* Products */,
			);
			sourceTree = "<group>";
		};
		79F82C662B7035FF00D2C0A3 /* Products */ = {
			isa = PBXGroup;
			children = (
				79F82C652B7035FF00D2C0A3 /* AppleMusic_25.app */,
			);
			name = Products;
			sourceTree = "<group>";
		};
		79F82C672B7035FF00D2C0A3 /* AppleMusic_25 */ = {
			isa = PBXGroup;
			children = (
				79F82C762B70380900D2C0A3 /* App */,
				79F82C772B70384800D2C0A3 /* TabBar */,
				79F82C782B70385400D2C0A3 /* Player */,
				79F82C7A2B70389600D2C0A3 /* MediaScreen */,
				79F82C7B2B7038A700D2C0A3 /* RadioScreen */,
				79F82C8F2B703AE600D2C0A3 /* SearchScreen */,
				7968955F2B8FEBD400F0734D /* UIKitSearchScreen */,
				79F82C6C2B70360000D2C0A3 /* Assets.xcassets */,
				7968952B2B78249F00F0734D /* Во мне.mp3 */,
				7968952D2B7848BC00F0734D /* Воля.mp3 */,
				7968952F2B7848D400F0734D /* Я свободен.mp3 */,
				796895312B786B8F00F0734D /* YAMAKASI.mp3 */,
				79F82C6E2B70360000D2C0A3 /* Preview Content */,
			);
			path = AppleMusic_25;
			sourceTree = "<group>";
		};
		79F82C6E2B70360000D2C0A3 /* Preview Content */ = {
			isa = PBXGroup;
			children = (
				79F82C6F2B70360000D2C0A3 /* Preview Assets.xcassets */,
			);
			path = "Preview Content";
			sourceTree = "<group>";
		};
		79F82C762B70380900D2C0A3 /* App */ = {
			isa = PBXGroup;
			children = (
				79F82C682B7035FF00D2C0A3 /* AppleMusic_25App.swift */,
			);
			path = App;
			sourceTree = "<group>";
		};
		79F82C772B70384800D2C0A3 /* TabBar */ = {
			isa = PBXGroup;
			children = (
				79F82C6A2B7035FF00D2C0A3 /* TabBarView.swift */,
			);
			path = TabBar;
			sourceTree = "<group>";
		};
		79F82C782B70385400D2C0A3 /* Player */ = {
			isa = PBXGroup;
			children = (
				79F82C7C2B7038FF00D2C0A3 /* MiniPlayerView.swift */,
				796895272B77BEFA00F0734D /* FullPlayerView.swift */,
				796895292B78217E00F0734D /* AudioManager.swift */,
			);
			path = Player;
			sourceTree = "<group>";
		};
		79F82C7A2B70389600D2C0A3 /* MediaScreen */ = {
			isa = PBXGroup;
			children = (
				79F82C7E2B70392600D2C0A3 /* LibraryView.swift */,
				79F82C802B70393E00D2C0A3 /* List */,
			);
			path = MediaScreen;
			sourceTree = "<group>";
		};
		79F82C7B2B7038A700D2C0A3 /* RadioScreen */ = {
			isa = PBXGroup;
			children = (
				79F82C8D2B703A3000D2C0A3 /* RadioModel.swift */,
				79F82C8B2B703A1100D2C0A3 /* RadioView.swift */,
				79F82C892B7039F300D2C0A3 /* MainStationView.swift */,
				79F82C872B7039DB00D2C0A3 /* StationView.swift */,
				7968955D2B8D449000F0734D /* VerticalStationView.swift */,
			);
			path = RadioScreen;
			sourceTree = "<group>";
		};
		79F82C802B70393E00D2C0A3 /* List */ = {
			isa = PBXGroup;
			children = (
				79F82C812B70395E00D2C0A3 /* ListView.swift */,
				79F82C832B70397A00D2C0A3 /* ListModel.swift */,
				79F82C852B70399200D2C0A3 /* ModelCell.swift */,
			);
			path = List;
			sourceTree = "<group>";
		};
		79F82C8F2B703AE600D2C0A3 /* SearchScreen */ = {
			isa = PBXGroup;
			children = (
				79F82CAC2B70CECF00D2C0A3 /* GenreSearchModel.swift */,
				79F82CAE2B70EC1800D2C0A3 /* MusicSearchModel.swift */,
				79F82C9F2B70A6BE00D2C0A3 /* SearchView.swift */,
				79F82CA12B70A81300D2C0A3 /* ActiveSearchView.swift */,
				79F82CA72B70A95000D2C0A3 /* DetailsSearchView */,
			);
			path = SearchScreen;
			sourceTree = "<group>";
		};
		79F82CA72B70A95000D2C0A3 /* DetailsSearchView */ = {
			isa = PBXGroup;
			children = (
				79F82CA52B70A86300D2C0A3 /* DetailsSearchView.swift */,
				79F82CA82B70A97200D2C0A3 /* MainSection.swift */,
				79F82CAA2B70A98500D2C0A3 /* SecondSection.swift */,
			);
			path = DetailsSearchView;
			sourceTree = "<group>";
		};
/* End PBXGroup section */

/* Begin PBXNativeTarget section */
		79F82C642B7035FF00D2C0A3 /* AppleMusic_25 */ = {
			isa = PBXNativeTarget;
			buildConfigurationList = 79F82C732B70360000D2C0A3 /* Build configuration list for PBXNativeTarget "AppleMusic_25" */;
			buildPhases = (
				79F82C612B7035FF00D2C0A3 /* Sources */,
				79F82C622B7035FF00D2C0A3 /* Frameworks */,
				79F82C632B7035FF00D2C0A3 /* Resources */,
			);
			buildRules = (
			);
			dependencies = (
			);
			name = AppleMusic_25;
			productName = AppleMusic_25;
			productReference = 79F82C652B7035FF00D2C0A3 /* AppleMusic_25.app */;
			productType = "com.apple.product-type.application";
		};
/* End PBXNativeTarget section */

/* Begin PBXProject section */
		79F82C5D2B7035FF00D2C0A3 /* Project object */ = {
			isa = PBXProject;
			attributes = {
				BuildIndependentTargetsInParallel = 1;
				LastSwiftUpdateCheck = 1430;
				LastUpgradeCheck = 1430;
				TargetAttributes = {
					79F82C642B7035FF00D2C0A3 = {
						CreatedOnToolsVersion = 14.3.1;
					};
				};
			};
			buildConfigurationList = 79F82C602B7035FF00D2C0A3 /* Build configuration list for PBXProject "AppleMusic_25" */;
			compatibilityVersion = "Xcode 14.0";
			developmentRegion = en;
			hasScannedForEncodings = 0;
			knownRegions = (
				en,
				Base,
			);
			mainGroup = 79F82C5C2B7035FF00D2C0A3;
			productRefGroup = 79F82C662B7035FF00D2C0A3 /* Products */;
			projectDirPath = "";
			projectRoot = "";
			targets = (
				79F82C642B7035FF00D2C0A3 /* AppleMusic_25 */,
			);
		};
/* End PBXProject section */

/* Begin PBXResourcesBuildPhase section */
		79F82C632B7035FF00D2C0A3 /* Resources */ = {
			isa = PBXResourcesBuildPhase;
			buildActionMask = 2147483647;
			files = (
				7968952E2B7848BC00F0734D /* Воля.mp3 in Resources */,
				7968952C2B78249F00F0734D /* Во мне.mp3 in Resources */,
				79F82C702B70360000D2C0A3 /* Preview Assets.xcassets in Resources */,
				79F82C6D2B70360000D2C0A3 /* Assets.xcassets in Resources */,
				796895322B786B8F00F0734D /* YAMAKASI.mp3 in Resources */,
				796895302B7848D400F0734D /* Я свободен.mp3 in Resources */,
			);
			runOnlyForDeploymentPostprocessing = 0;
		};
/* End PBXResourcesBuildPhase section */

/* Begin PBXSourcesBuildPhase section */
		79F82C612B7035FF00D2C0A3 /* Sources */ = {
			isa = PBXSourcesBuildPhase;
			buildActionMask = 2147483647;
			files = (
				79F82C7F2B70392600D2C0A3 /* LibraryView.swift in Sources */,
				796895632B8FF01600F0734D /* Cell.swift in Sources */,
				796895282B77BEFA00F0734D /* FullPlayerView.swift in Sources */,
				79F82C882B7039DB00D2C0A3 /* StationView.swift in Sources */,
				79F82C8E2B703A3000D2C0A3 /* RadioModel.swift in Sources */,
				7968955E2B8D449000F0734D /* VerticalStationView.swift in Sources */,
				79F82C7D2B7038FF00D2C0A3 /* MiniPlayerView.swift in Sources */,
				79F82CAF2B70EC1800D2C0A3 /* MusicSearchModel.swift in Sources */,
				796895612B8FED1E00F0734D /* UIKitSearchView.swift in Sources */,
				79F82C822B70395E00D2C0A3 /* ListView.swift in Sources */,
				79F82C8C2B703A1100D2C0A3 /* RadioView.swift in Sources */,
				79F82CA92B70A97200D2C0A3 /* MainSection.swift in Sources */,
				796895652B8FF3BF00F0734D /* CellHeader.swift in Sources */,
				79F82CAD2B70CECF00D2C0A3 /* GenreSearchModel.swift in Sources */,
				79F82C8A2B7039F300D2C0A3 /* MainStationView.swift in Sources */,
				79F82C842B70397A00D2C0A3 /* ListModel.swift in Sources */,
				79F82C6B2B7035FF00D2C0A3 /* TabBarView.swift in Sources */,
				79F82CA02B70A6BE00D2C0A3 /* SearchView.swift in Sources */,
				79F82CA62B70A86300D2C0A3 /* DetailsSearchView.swift in Sources */,
				79F82C862B70399200D2C0A3 /* ModelCell.swift in Sources */,
				79F82CA22B70A81300D2C0A3 /* ActiveSearchView.swift in Sources */,
				79F82CAB2B70A98500D2C0A3 /* SecondSection.swift in Sources */,
				7968952A2B78217E00F0734D /* AudioManager.swift in Sources */,
				79F82C692B7035FF00D2C0A3 /* AppleMusic_25App.swift in Sources */,
			);
			runOnlyForDeploymentPostprocessing = 0;
		};
/* End PBXSourcesBuildPhase section */

/* Begin XCBuildConfiguration section */
		79F82C712B70360000D2C0A3 /* Debug */ = {
			isa = XCBuildConfiguration;
			buildSettings = {
				ALWAYS_SEARCH_USER_PATHS = NO;
				CLANG_ANALYZER_NONNULL = YES;
				CLANG_ANALYZER_NUMBER_OBJECT_CONVERSION = YES_AGGRESSIVE;
				CLANG_CXX_LANGUAGE_STANDARD = "gnu++20";
				CLANG_ENABLE_MODULES = YES;
				CLANG_ENABLE_OBJC_ARC = YES;
				CLANG_ENABLE_OBJC_WEAK = YES;
				CLANG_WARN_BLOCK_CAPTURE_AUTORELEASING = YES;
				CLANG_WARN_BOOL_CONVERSION = YES;
				CLANG_WARN_COMMA = YES;
				CLANG_WARN_CONSTANT_CONVERSION = YES;
				CLANG_WARN_DEPRECATED_OBJC_IMPLEMENTATIONS = YES;
				CLANG_WARN_DIRECT_OBJC_ISA_USAGE = YES_ERROR;
				CLANG_WARN_DOCUMENTATION_COMMENTS = YES;
				CLANG_WARN_EMPTY_BODY = YES;
				CLANG_WARN_ENUM_CONVERSION = YES;
				CLANG_WARN_INFINITE_RECURSION = YES;
				CLANG_WARN_INT_CONVERSION = YES;
				CLANG_WARN_NON_LITERAL_NULL_CONVERSION = YES;
				CLANG_WARN_OBJC_IMPLICIT_RETAIN_SELF = YES;
				CLANG_WARN_OBJC_LITERAL_CONVERSION = YES;
				CLANG_WARN_OBJC_ROOT_CLASS = YES_ERROR;
				CLANG_WARN_QUOTED_INCLUDE_IN_FRAMEWORK_HEADER = YES;
				CLANG_WARN_RANGE_LOOP_ANALYSIS = YES;
				CLANG_WARN_STRICT_PROTOTYPES = YES;
				CLANG_WARN_SUSPICIOUS_MOVE = YES;
				CLANG_WARN_UNGUARDED_AVAILABILITY = YES_AGGRESSIVE;
				CLANG_WARN_UNREACHABLE_CODE = YES;
				CLANG_WARN__DUPLICATE_METHOD_MATCH = YES;
				COPY_PHASE_STRIP = NO;
				DEBUG_INFORMATION_FORMAT = dwarf;
				ENABLE_STRICT_OBJC_MSGSEND = YES;
				ENABLE_TESTABILITY = YES;
				GCC_C_LANGUAGE_STANDARD = gnu11;
				GCC_DYNAMIC_NO_PIC = NO;
				GCC_NO_COMMON_BLOCKS = YES;
				GCC_OPTIMIZATION_LEVEL = 0;
				GCC_PREPROCESSOR_DEFINITIONS = (
					"DEBUG=1",
					"$(inherited)",
				);
				GCC_WARN_64_TO_32_BIT_CONVERSION = YES;
				GCC_WARN_ABOUT_RETURN_TYPE = YES_ERROR;
				GCC_WARN_UNDECLARED_SELECTOR = YES;
				GCC_WARN_UNINITIALIZED_AUTOS = YES_AGGRESSIVE;
				GCC_WARN_UNUSED_FUNCTION = YES;
				GCC_WARN_UNUSED_VARIABLE = YES;
				IPHONEOS_DEPLOYMENT_TARGET = 16.0;
				MTL_ENABLE_DEBUG_INFO = INCLUDE_SOURCE;
				MTL_FAST_MATH = YES;
				ONLY_ACTIVE_ARCH = YES;
				SDKROOT = iphoneos;
				SWIFT_ACTIVE_COMPILATION_CONDITIONS = DEBUG;
				SWIFT_OPTIMIZATION_LEVEL = "-Onone";
			};
			name = Debug;
		};
		79F82C722B70360000D2C0A3 /* Release */ = {
			isa = XCBuildConfiguration;
			buildSettings = {
				ALWAYS_SEARCH_USER_PATHS = NO;
				CLANG_ANALYZER_NONNULL = YES;
				CLANG_ANALYZER_NUMBER_OBJECT_CONVERSION = YES_AGGRESSIVE;
				CLANG_CXX_LANGUAGE_STANDARD = "gnu++20";
				CLANG_ENABLE_MODULES = YES;
				CLANG_ENABLE_OBJC_ARC = YES;
				CLANG_ENABLE_OBJC_WEAK = YES;
				CLANG_WARN_BLOCK_CAPTURE_AUTORELEASING = YES;
				CLANG_WARN_BOOL_CONVERSION = YES;
				CLANG_WARN_COMMA = YES;
				CLANG_WARN_CONSTANT_CONVERSION = YES;
				CLANG_WARN_DEPRECATED_OBJC_IMPLEMENTATIONS = YES;
				CLANG_WARN_DIRECT_OBJC_ISA_USAGE = YES_ERROR;
				CLANG_WARN_DOCUMENTATION_COMMENTS = YES;
				CLANG_WARN_EMPTY_BODY = YES;
				CLANG_WARN_ENUM_CONVERSION = YES;
				CLANG_WARN_INFINITE_RECURSION = YES;
				CLANG_WARN_INT_CONVERSION = YES;
				CLANG_WARN_NON_LITERAL_NULL_CONVERSION = YES;
				CLANG_WARN_OBJC_IMPLICIT_RETAIN_SELF = YES;
				CLANG_WARN_OBJC_LITERAL_CONVERSION = YES;
				CLANG_WARN_OBJC_ROOT_CLASS = YES_ERROR;
				CLANG_WARN_QUOTED_INCLUDE_IN_FRAMEWORK_HEADER = YES;
				CLANG_WARN_RANGE_LOOP_ANALYSIS = YES;
				CLANG_WARN_STRICT_PROTOTYPES = YES;
				CLANG_WARN_SUSPICIOUS_MOVE = YES;
				CLANG_WARN_UNGUARDED_AVAILABILITY = YES_AGGRESSIVE;
				CLANG_WARN_UNREACHABLE_CODE = YES;
				CLANG_WARN__DUPLICATE_METHOD_MATCH = YES;
				COPY_PHASE_STRIP = NO;
				DEBUG_INFORMATION_FORMAT = "dwarf-with-dsym";
				ENABLE_NS_ASSERTIONS = NO;
				ENABLE_STRICT_OBJC_MSGSEND = YES;
				GCC_C_LANGUAGE_STANDARD = gnu11;
				GCC_NO_COMMON_BLOCKS = YES;
				GCC_WARN_64_TO_32_BIT_CONVERSION = YES;
				GCC_WARN_ABOUT_RETURN_TYPE = YES_ERROR;
				GCC_WARN_UNDECLARED_SELECTOR = YES;
				GCC_WARN_UNINITIALIZED_AUTOS = YES_AGGRESSIVE;
				GCC_WARN_UNUSED_FUNCTION = YES;
				GCC_WARN_UNUSED_VARIABLE = YES;
				IPHONEOS_DEPLOYMENT_TARGET = 16.0;
				MTL_ENABLE_DEBUG_INFO = NO;
				MTL_FAST_MATH = YES;
				SDKROOT = iphoneos;
				SWIFT_COMPILATION_MODE = wholemodule;
				SWIFT_OPTIMIZATION_LEVEL = "-O";
				VALIDATE_PRODUCT = YES;
			};
			name = Release;
		};
		79F82C742B70360000D2C0A3 /* Debug */ = {
			isa = XCBuildConfiguration;
			buildSettings = {
				ASSETCATALOG_COMPILER_APPICON_NAME = AppIcon;
				ASSETCATALOG_COMPILER_GLOBAL_ACCENT_COLOR_NAME = AccentColor;
				CODE_SIGN_STYLE = Automatic;
				CURRENT_PROJECT_VERSION = 1;
				DEVELOPMENT_ASSET_PATHS = "\"AppleMusic_25/Preview Content\"";
				DEVELOPMENT_TEAM = 544C5YL5XT;
				ENABLE_PREVIEWS = YES;
				GENERATE_INFOPLIST_FILE = YES;
				INFOPLIST_KEY_UIApplicationSceneManifest_Generation = YES;
				INFOPLIST_KEY_UIApplicationSupportsIndirectInputEvents = YES;
				INFOPLIST_KEY_UILaunchScreen_Generation = YES;
				INFOPLIST_KEY_UISupportedInterfaceOrientations_iPad = "UIInterfaceOrientationPortrait UIInterfaceOrientationPortraitUpsideDown UIInterfaceOrientationLandscapeLeft UIInterfaceOrientationLandscapeRight";
				INFOPLIST_KEY_UISupportedInterfaceOrientations_iPhone = "UIInterfaceOrientationPortrait UIInterfaceOrientationLandscapeLeft UIInterfaceOrientationLandscapeRight";
				IPHONEOS_DEPLOYMENT_TARGET = 16.0;
				LD_RUNPATH_SEARCH_PATHS = (
					"$(inherited)",
					"@executable_path/Frameworks",
				);
				MARKETING_VERSION = 1.0;
				PRODUCT_BUNDLE_IDENTIFIER = "com.my.AppleMusic-25";
				PRODUCT_NAME = "$(TARGET_NAME)";
				SWIFT_EMIT_LOC_STRINGS = YES;
				SWIFT_VERSION = 5.0;
				TARGETED_DEVICE_FAMILY = "1,2";
			};
			name = Debug;
		};
		79F82C752B70360000D2C0A3 /* Release */ = {
			isa = XCBuildConfiguration;
			buildSettings = {
				ASSETCATALOG_COMPILER_APPICON_NAME = AppIcon;
				ASSETCATALOG_COMPILER_GLOBAL_ACCENT_COLOR_NAME = AccentColor;
				CODE_SIGN_STYLE = Automatic;
				CURRENT_PROJECT_VERSION = 1;
				DEVELOPMENT_ASSET_PATHS = "\"AppleMusic_25/Preview Content\"";
				DEVELOPMENT_TEAM = 544C5YL5XT;
				ENABLE_PREVIEWS = YES;
				GENERATE_INFOPLIST_FILE = YES;
				INFOPLIST_KEY_UIApplicationSceneManifest_Generation = YES;
				INFOPLIST_KEY_UIApplicationSupportsIndirectInputEvents = YES;
				INFOPLIST_KEY_UILaunchScreen_Generation = YES;
				INFOPLIST_KEY_UISupportedInterfaceOrientations_iPad = "UIInterfaceOrientationPortrait UIInterfaceOrientationPortraitUpsideDown UIInterfaceOrientationLandscapeLeft UIInterfaceOrientationLandscapeRight";
				INFOPLIST_KEY_UISupportedInterfaceOrientations_iPhone = "UIInterfaceOrientationPortrait UIInterfaceOrientationLandscapeLeft UIInterfaceOrientationLandscapeRight";
				IPHONEOS_DEPLOYMENT_TARGET = 16.0;
				LD_RUNPATH_SEARCH_PATHS = (
					"$(inherited)",
					"@executable_path/Frameworks",
				);
				MARKETING_VERSION = 1.0;
				PRODUCT_BUNDLE_IDENTIFIER = "com.my.AppleMusic-25";
				PRODUCT_NAME = "$(TARGET_NAME)";
				SWIFT_EMIT_LOC_STRINGS = YES;
				SWIFT_VERSION = 5.0;
				TARGETED_DEVICE_FAMILY = "1,2";
			};
			name = Release;
		};
/* End XCBuildConfiguration section */

/* Begin XCConfigurationList section */
		79F82C602B7035FF00D2C0A3 /* Build configuration list for PBXProject "AppleMusic_25" */ = {
			isa = XCConfigurationList;
			buildConfigurations = (
				79F82C712B70360000D2C0A3 /* Debug */,
				79F82C722B70360000D2C0A3 /* Release */,
			);
			defaultConfigurationIsVisible = 0;
			defaultConfigurationName = Release;
		};
		79F82C732B70360000D2C0A3 /* Build configuration list for PBXNativeTarget "AppleMusic_25" */ = {
			isa = XCConfigurationList;
			buildConfigurations = (
				79F82C742B70360000D2C0A3 /* Debug */,
				79F82C752B70360000D2C0A3 /* Release */,
			);
			defaultConfigurationIsVisible = 0;
			defaultConfigurationName = Release;
		};
/* End XCConfigurationList section */
	};
	rootObject = 79F82C5D2B7035FF00D2C0A3 /* Project object */;
}
